{
  "name": "pwastats",
  "version": "0.1.3",
  "lockfileVersion": 1,
  "requires": true,
  "dependencies": {
    "sw-cacheable-response": {
      "version": "0.0.18",
      "resolved": "https://registry.npmjs.org/sw-cacheable-response/-/sw-cacheable-response-0.0.18.tgz",
      "integrity": "sha1-CoI4BThrWF0mQxRznjgZHaghs8w="
    },
    "sw-lib": {
      "version": "0.0.17",
      "resolved": "https://registry.npmjs.org/sw-lib/-/sw-lib-0.0.17.tgz",
      "integrity": "sha1-IcokhlFszHSqqywt5w8IRi6NzAs="
    },
    "sw-precaching": {
      "version": "0.0.17",
      "resolved": "https://registry.npmjs.org/sw-precaching/-/sw-precaching-0.0.17.tgz",
      "integrity": "sha1-njfo9U1m2unspnIqPwwcKlhHTwM="
    },
    "sw-routing": {
      "version": "0.0.17",
      "resolved": "https://registry.npmjs.org/sw-routing/-/sw-routing-0.0.17.tgz",
      "integrity": "sha1-tUt0D+OiKJbzy8HJN68ozre+5L8="
    },
    "sw-runtime-caching": {
      "version": "0.0.17",
      "resolved": "https://registry.npmjs.org/sw-runtime-caching/-/sw-runtime-caching-0.0.17.tgz",
      "integrity": "sha1-h8hxyvNAbOsmQwFOG1DnijbR2LE="
    }
  }
}
